
Microsoft Visual Studio Solution File, Format Version 12.00
# Visual Studio Version 17
VisualStudioVersion = 17.3.32922.545
MinimumVisualStudioVersion = 10.0.40219.1
Project("{9A19103F-16F7-4668-BE54-9A1E7A4F7556}") = "web_apidocker.Test", "web_apidocker.Test.csproj", "{D1DDD2B1-E7C6-41BE-926F-A693ABB6EE6C}"
EndProject
Project("{9A19103F-16F7-4668-BE54-9A1E7A4F7556}") = "web_apiproductdocker", "..\web_apiproductdocker\web_apiproductdocker.csproj", "{38247559-835F-4263-9CF1-50BCE05447C8}"
EndProject
Project("{9A19103F-16F7-4668-BE54-9A1E7A4F7556}") = "webapi_docker", "..\webapi_docker\webapi_docker.csproj", "{7BD7AB3A-50A6-4CBB-84D8-3392E2201795}"
EndProject
Global
	GlobalSection(SolutionConfigurationPlatforms) = preSolution
		Debug|Any CPU = Debug|Any CPU
		Release|Any CPU = Release|Any CPU
	EndGlobalSection
	GlobalSection(ProjectConfigurationPlatforms) = postSolution
		{D1DDD2B1-E7C6-41BE-926F-A693ABB6EE6C}.Debug|Any CPU.ActiveCfg = Debug|Any CPU
		{D1DDD2B1-E7C6-41BE-926F-A693ABB6EE6C}.Debug|Any CPU.Build.0 = Debug|Any CPU
		{D1DDD2B1-E7C6-41BE-926F-A693ABB6EE6C}.Release|Any CPU.ActiveCfg = Release|Any CPU
		{D1DDD2B1-E7C6-41BE-926F-A693ABB6EE6C}.Release|Any CPU.Build.0 = Release|Any CPU
		{38247559-835F-4263-9CF1-50BCE05447C8}.Debug|Any CPU.ActiveCfg = Debug|Any CPU
		{38247559-835F-4263-9CF1-50BCE05447C8}.Debug|Any CPU.Build.0 = Debug|Any CPU
		{38247559-835F-4263-9CF1-50BCE05447C8}.Release|Any CPU.ActiveCfg = Release|Any CPU
		{38247559-835F-4263-9CF1-50BCE05447C8}.Release|Any CPU.Build.0 = Release|Any CPU
		{7BD7AB3A-50A6-4CBB-84D8-3392E2201795}.Debug|Any CPU.ActiveCfg = Debug|Any CPU
		{7BD7AB3A-50A6-4CBB-84D8-3392E2201795}.Debug|Any CPU.Build.0 = Debug|Any CPU
		{7BD7AB3A-50A6-4CBB-84D8-3392E2201795}.Release|Any CPU.ActiveCfg = Release|Any CPU
		{7BD7AB3A-50A6-4CBB-84D8-3392E2201795}.Release|Any CPU.Build.0 = Release|Any CPU
	EndGlobalSection
	GlobalSection(SolutionProperties) = preSolution
		HideSolutionNode = FALSE
	EndGlobalSection
	GlobalSection(ExtensibilityGlobals) = postSolution
		SolutionGuid = {266D8B17-4A0E-4A30-8DD9-AC6A16A38144}
	EndGlobalSection
EndGlobal
